
Microsoft Visual Studio Solution File, Format Version 12.00
# Visual Studio Version 17
VisualStudioVersion = 17.9.34616.47
MinimumVisualStudioVersion = 10.0.40219.1
Project("{FAE04EC0-301F-11D3-BF4B-00C04F79EFBC}") = "LINQ2_bt230324", "LINQ2_bt230324\LINQ2_bt230324.csproj", "{E1CC76B4-AE94-4387-B81B-BC6B514DF41E}"
EndProject
Global
	GlobalSection(SolutionConfigurationPlatforms) = preSolution
		Debug|Any CPU = Debug|Any CPU
		Release|Any CPU = Release|Any CPU
	EndGlobalSection
	GlobalSection(ProjectConfigurationPlatforms) = postSolution
		{E1CC76B4-AE94-4387-B81B-BC6B514DF41E}.Debug|Any CPU.ActiveCfg = Debug|Any CPU
		{E1CC76B4-AE94-4387-B81B-BC6B514DF41E}.Debug|Any CPU.Build.0 = Debug|Any CPU
		{E1CC76B4-AE94-4387-B81B-BC6B514DF41E}.Release|Any CPU.ActiveCfg = Release|Any CPU
		{E1CC76B4-AE94-4387-B81B-BC6B514DF41E}.Release|Any CPU.Build.0 = Release|Any CPU
	EndGlobalSection
	GlobalSection(SolutionProperties) = preSolution
		HideSolutionNode = FALSE
	EndGlobalSection
	GlobalSection(ExtensibilityGlobals) = postSolution
		SolutionGuid = {6D966DF4-6828-44CB-A600-FD8D3C8D7904}
	EndGlobalSection
EndGlobal
